<?xml version="1.0" encoding="utf-8"?>
<Project ToolsVersion="4.0" xmlns="http://schemas.microsoft.com/developer/msbuild/2003">
  <ItemGroup>
    <Filter Include="소스 파일">
      <UniqueIdentifier>{4FC737F1-C7A5-4376-A066-2A32D752A2FF}</UniqueIdentifier>
      <Extensions>cpp;c;cc;cxx;def;odl;idl;hpj;bat;asm;asmx</Extensions>
    </Filter>
    <Filter Include="헤더 파일">
      <UniqueIdentifier>{93995380-89BD-4b04-88EB-625FBE52EBFB}</UniqueIdentifier>
      <Extensions>h;hh;hpp;hxx;hm;inl;inc;xsd</Extensions>
    </Filter>
    <Filter Include="리소스 파일">
      <UniqueIdentifier>{67DA6AB6-F800-4c08-8B7A-83BB121AAD01}</UniqueIdentifier>
      <Extensions>rc;ico;cur;bmp;dlg;rc2;rct;bin;rgs;gif;jpg;jpeg;jpe;resx;tiff;tif;png;wav;mfcribbon-ms</Extensions>
    </Filter>
  </ItemGroup>
  <ItemGroup>
    <ClCompile Include="b2309.cpp">
      <Filter>소스 파일</Filter>
    </ClCompile>
    <ClCompile Include="b2525.cpp">
      <Filter>소스 파일</Filter>
    </ClCompile>
    <ClCompile Include="b9653.cpp">
      <Filter>소스 파일</Filter>
    </ClCompile>
    <ClCompile Include="b10170.cpp">
      <Filter>소스 파일</Filter>
    </ClCompile>
    <ClCompile Include="b10172.cpp">
      <Filter>소스 파일</Filter>
    </ClCompile>
    <ClCompile Include="b2526.cpp">
      <Filter>소스 파일</Filter>
    </ClCompile>
    <ClCompile Include="b2527.cpp">
      <Filter>소스 파일</Filter>
    </ClCompile>
    <ClCompile Include="b2606.cpp">
      <Filter>소스 파일</Filter>
    </ClCompile>
    <ClCompile Include="b2607.cpp">
      <Filter>소스 파일</Filter>
    </ClCompile>
    <ClCompile Include="b2608.cpp">
      <Filter>소스 파일</Filter>
    </ClCompile>
    <ClCompile Include="b10156.cpp">
      <Filter>소스 파일</Filter>
    </ClCompile>
    <ClCompile Include="b10157.cpp">
      <Filter>소스 파일</Filter>
    </ClCompile>
    <ClCompile Include="b10158.cpp">
      <Filter>소스 파일</Filter>
    </ClCompile>
    <ClCompile Include="b10159.cpp">
      <Filter>소스 파일</Filter>
    </ClCompile>
    <ClCompile Include="b2590.cpp">
      <Filter>소스 파일</Filter>
    </ClCompile>
    <ClCompile Include="b1920.cpp">
      <Filter>소스 파일</Filter>
    </ClCompile>
    <ClCompile Include="소스.cpp">
      <Filter>소스 파일</Filter>
    </ClCompile>
    <ClCompile Include="b2589.cpp">
      <Filter>소스 파일</Filter>
    </ClCompile>
    <ClCompile Include="b2591.cpp">
      <Filter>소스 파일</Filter>
    </ClCompile>
    <ClCompile Include="b2774.cpp">
      <Filter>소스 파일</Filter>
    </ClCompile>
    <ClCompile Include="b1934.cpp">
      <Filter>소스 파일</Filter>
    </ClCompile>
    <ClCompile Include="b1550.cpp">
      <Filter>소스 파일</Filter>
    </ClCompile>
    <ClCompile Include="b1292.cpp">
      <Filter>소스 파일</Filter>
    </ClCompile>
    <ClCompile Include="b1427.cpp">
      <Filter>소스 파일</Filter>
    </ClCompile>
    <ClCompile Include="b2747.cpp">
      <Filter>소스 파일</Filter>
    </ClCompile>
    <ClCompile Include="b2776.cpp">
      <Filter>소스 파일</Filter>
    </ClCompile>
    <ClCompile Include="b2587.cpp">
      <Filter>소스 파일</Filter>
    </ClCompile>
    <ClCompile Include="b2588.cpp">
      <Filter>소스 파일</Filter>
    </ClCompile>
    <ClCompile Include="b2562.cpp">
      <Filter>소스 파일</Filter>
    </ClCompile>
    <ClCompile Include="b2528.cpp">
      <Filter>소스 파일</Filter>
    </ClCompile>
    <ClCompile Include="b1003.cpp">
      <Filter>소스 파일</Filter>
    </ClCompile>
    <ClCompile Include="b5337.cpp">
      <Filter>소스 파일</Filter>
    </ClCompile>
    <ClCompile Include="b5338.cpp">
      <Filter>소스 파일</Filter>
    </ClCompile>
    <ClCompile Include="b5339.cpp">
      <Filter>소스 파일</Filter>
    </ClCompile>
    <ClCompile Include="b8393.cpp">
      <Filter>소스 파일</Filter>
    </ClCompile>
    <ClCompile Include="b9325.cpp">
      <Filter>소스 파일</Filter>
    </ClCompile>
    <ClCompile Include="b10171.cpp">
      <Filter>소스 파일</Filter>
    </ClCompile>
    <ClCompile Include="b7287.cpp">
      <Filter>소스 파일</Filter>
    </ClCompile>
    <ClCompile Include="b1157.cpp">
      <Filter>소스 파일</Filter>
    </ClCompile>
    <ClCompile Include="b2163.cpp">
      <Filter>소스 파일</Filter>
    </ClCompile>
    <ClCompile Include="b2010.cpp">
      <Filter>소스 파일</Filter>
    </ClCompile>
    <ClCompile Include="b2566.cpp">
      <Filter>소스 파일</Filter>
    </ClCompile>
    <ClCompile Include="b2751.cpp">
      <Filter>소스 파일</Filter>
    </ClCompile>
    <ClCompile Include="b10102.cpp">
      <Filter>소스 파일</Filter>
    </ClCompile>
    <ClCompile Include="b2953.cpp">
      <Filter>소스 파일</Filter>
    </ClCompile>
    <ClCompile Include="b2556.cpp">
      <Filter>소스 파일</Filter>
    </ClCompile>
    <ClCompile Include="b1037.cpp">
      <Filter>소스 파일</Filter>
    </ClCompile>
    <ClCompile Include="b1212.cpp">
      <Filter>소스 파일</Filter>
    </ClCompile>
    <ClCompile Include="b1373.cpp">
      <Filter>소스 파일</Filter>
    </ClCompile>
    <ClCompile Include="hw.c">
      <Filter>소스 파일</Filter>
    </ClCompile>
    <ClCompile Include="test.c">
      <Filter>소스 파일</Filter>
    </ClCompile>
    <ClCompile Include="숫자나열하기.cpp">
      <Filter>소스 파일</Filter>
    </ClCompile>
    <ClCompile Include="0528자료구조.c">
      <Filter>소스 파일</Filter>
    </ClCompile>
    <ClCompile Include="b8320.cpp">
      <Filter>소스 파일</Filter>
    </ClCompile>
    <ClCompile Include="b10823.cpp">
      <Filter>소스 파일</Filter>
    </ClCompile>
    <ClCompile Include="b10822.cpp">
      <Filter>소스 파일</Filter>
    </ClCompile>
    <ClCompile Include="b1152.cpp">
      <Filter>소스 파일</Filter>
    </ClCompile>
    <ClCompile Include="A.cpp">
      <Filter>소스 파일</Filter>
    </ClCompile>
    <ClCompile Include="b2753.cpp">
      <Filter>소스 파일</Filter>
    </ClCompile>
    <ClCompile Include="b5565.cpp">
      <Filter>소스 파일</Filter>
    </ClCompile>
    <ClCompile Include="b4999.cpp">
      <Filter>소스 파일</Filter>
    </ClCompile>
    <ClCompile Include="b3046.cpp">
      <Filter>소스 파일</Filter>
    </ClCompile>
    <ClCompile Include="b10797.cpp">
      <Filter>소스 파일</Filter>
    </ClCompile>
    <ClCompile Include="b10833.cpp">
      <Filter>소스 파일</Filter>
    </ClCompile>
    <ClCompile Include="b1408.cpp">
      <Filter>소스 파일</Filter>
    </ClCompile>
    <ClCompile Include="b4811.cpp">
      <Filter>소스 파일</Filter>
    </ClCompile>
    <ClCompile Include="b1890.cpp">
      <Filter>소스 파일</Filter>
    </ClCompile>
    <ClCompile Include="b2293.cpp">
      <Filter>소스 파일</Filter>
    </ClCompile>
    <ClCompile Include="b2530.cpp">
      <Filter>소스 파일</Filter>
    </ClCompile>
    <ClCompile Include="b4095.cpp">
      <Filter>소스 파일</Filter>
    </ClCompile>
    <ClCompile Include="b5582.cpp">
      <Filter>소스 파일</Filter>
    </ClCompile>
    <ClCompile Include="b1932.cpp">
      <Filter>소스 파일</Filter>
    </ClCompile>
    <ClCompile Include="b2294.cpp">
      <Filter>소스 파일</Filter>
    </ClCompile>
    <ClCompile Include="b2156.cpp">
      <Filter>소스 파일</Filter>
    </ClCompile>
    <ClCompile Include="b1931.cpp">
      <Filter>소스 파일</Filter>
    </ClCompile>
    <ClCompile Include="ccc_bridgetrans.cpp">
      <Filter>소스 파일</Filter>
    </ClCompile>
    <ClCompile Include="upstair.cpp">
      <Filter>소스 파일</Filter>
    </ClCompile>
    <ClCompile Include="pack.cpp">
      <Filter>소스 파일</Filter>
    </ClCompile>
    <ClCompile Include="seat.cpp">
      <Filter>소스 파일</Filter>
    </ClCompile>
    <ClCompile Include="gc.cpp">
      <Filter>소스 파일</Filter>
    </ClCompile>
    <ClCompile Include="worm.cpp">
      <Filter>소스 파일</Filter>
    </ClCompile>
    <ClCompile Include="algorithm.cpp">
      <Filter>소스 파일</Filter>
    </ClCompile>
    <ClCompile Include="hanoi.cpp">
      <Filter>소스 파일</Filter>
    </ClCompile>
    <ClCompile Include="d_tobin.cpp">
      <Filter>소스 파일</Filter>
    </ClCompile>
    <ClCompile Include="b3060.cpp">
      <Filter>소스 파일</Filter>
    </ClCompile>
    <ClCompile Include="b3056.cpp">
      <Filter>소스 파일</Filter>
    </ClCompile>
    <ClCompile Include="b2559.cpp">
      <Filter>소스 파일</Filter>
    </ClCompile>
    <ClCompile Include="헛간고치기.cpp">
      <Filter>소스 파일</Filter>
    </ClCompile>
    <ClCompile Include="mixing_milk.cpp">
      <Filter>소스 파일</Filter>
    </ClCompile>
    <ClCompile Include="b10166.cpp">
      <Filter>소스 파일</Filter>
    </ClCompile>
    <ClCompile Include="invest.cpp">
      <Filter>소스 파일</Filter>
    </ClCompile>
    <ClCompile Include="01knapsack.cpp">
      <Filter>소스 파일</Filter>
    </ClCompile>
  </ItemGroup>
</Project>